// !$*UTF8*$!
{
	archiveVersion = 1;
	classes = {
	};
	objectVersion = 56;
	objects = {

/* Begin PBXBuildFile section */
		2207049B29EF64FA00D215ED /* Events.swift in Sources */ = {isa = PBXBuildFile; fileRef = 2207049A29EF64FA00D215ED /* Events.swift */; };
		2207049D29EF662400D215ED /* EventViewModel.swift in Sources */ = {isa = PBXBuildFile; fileRef = 2207049C29EF662400D215ED /* EventViewModel.swift */; };
		220704A229EF790F00D215ED /* SwiftUIView.swift in Sources */ = {isa = PBXBuildFile; fileRef = 220704A129EF790F00D215ED /* SwiftUIView.swift */; };
		220704A429EFB75000D215ED /* ImagePicker.swift in Sources */ = {isa = PBXBuildFile; fileRef = 220704A329EFB75000D215ED /* ImagePicker.swift */; };
		220704A729EFD45200D215ED /* EventTicket.swift in Sources */ = {isa = PBXBuildFile; fileRef = 220704A629EFD45200D215ED /* EventTicket.swift */; };
		220704A929EFD47100D215ED /* ShowTicket.swift in Sources */ = {isa = PBXBuildFile; fileRef = 220704A829EFD47100D215ED /* ShowTicket.swift */; };
		220704AB29EFD47C00D215ED /* MovieTicket.swift in Sources */ = {isa = PBXBuildFile; fileRef = 220704AA29EFD47C00D215ED /* MovieTicket.swift */; };
		2270425729E8D0270021272D /* EntityType.swift in Sources */ = {isa = PBXBuildFile; fileRef = 2270425629E8D0270021272D /* EntityType.swift */; };
		2270425B29E8D08D0021272D /* APIError.swift in Sources */ = {isa = PBXBuildFile; fileRef = 2270425A29E8D08D0021272D /* APIError.swift */; };
		228C176629D6260D00848BFC /* Register.swift in Sources */ = {isa = PBXBuildFile; fileRef = 228C176529D6260D00848BFC /* Register.swift */; };
		228C176829D628A800848BFC /* ForgetPasswordView.swift in Sources */ = {isa = PBXBuildFile; fileRef = 228C176729D628A800848BFC /* ForgetPasswordView.swift */; };
		228C177029D633AC00848BFC /* Login.swift in Sources */ = {isa = PBXBuildFile; fileRef = 228C176F29D6338600848BFC /* Login.swift */; };
		22C455C829DF7A45001ACFF6 /* Alamofire in Frameworks */ = {isa = PBXBuildFile; productRef = 22C455C729DF7A45001ACFF6 /* Alamofire */; };
		22C455CD29DF7B78001ACFF6 /* APImanager.swift in Sources */ = {isa = PBXBuildFile; fileRef = 22C455CC29DF7B78001ACFF6 /* APImanager.swift */; };
		22C455CF29DF8446001ACFF6 /* SignUpViewModel.swift in Sources */ = {isa = PBXBuildFile; fileRef = 22C455CE29DF8446001ACFF6 /* SignUpViewModel.swift */; };
		22C455D129DFC7FB001ACFF6 /* SigninViewModel.swift in Sources */ = {isa = PBXBuildFile; fileRef = 22C455D029DFC7FB001ACFF6 /* SigninViewModel.swift */; };
		22C455D529DFD27A001ACFF6 /* EditProfile.swift in Sources */ = {isa = PBXBuildFile; fileRef = 22C455D429DFD27A001ACFF6 /* EditProfile.swift */; };
		22C455DB29DFFC9A001ACFF6 /* ResetPassword.swift in Sources */ = {isa = PBXBuildFile; fileRef = 22C455DA29DFFC9A001ACFF6 /* ResetPassword.swift */; };
		22E2BC7F29EE18D0003991EF /* AddShowsView.swift in Sources */ = {isa = PBXBuildFile; fileRef = 22E2BC7E29EE18D0003991EF /* AddShowsView.swift */; };
		22E2BC8129EE1902003991EF /* AddEventsView.swift in Sources */ = {isa = PBXBuildFile; fileRef = 22E2BC8029EE1902003991EF /* AddEventsView.swift */; };
		22F05E5829D4D77200615678 /* BlastiApp.swift in Sources */ = {isa = PBXBuildFile; fileRef = 22F05E5729D4D77200615678 /* BlastiApp.swift */; };
		22F05E5C29D4D77300615678 /* Assets.xcassets in Resources */ = {isa = PBXBuildFile; fileRef = 22F05E5B29D4D77300615678 /* Assets.xcassets */; };
		22F05E5F29D4D77300615678 /* Preview Assets.xcassets in Resources */ = {isa = PBXBuildFile; fileRef = 22F05E5E29D4D77300615678 /* Preview Assets.xcassets */; };
		22F05E6129D4D77300615678 /* Persistence.swift in Sources */ = {isa = PBXBuildFile; fileRef = 22F05E6029D4D77300615678 /* Persistence.swift */; };
		22F05E6429D4D77300615678 /* Blasti.xcdatamodeld in Sources */ = {isa = PBXBuildFile; fileRef = 22F05E6229D4D77300615678 /* Blasti.xcdatamodeld */; };
		7A2DAD322A152AF300775B92 /* EditProfileViewModel.swift in Sources */ = {isa = PBXBuildFile; fileRef = 7A2DAD312A152AF300775B92 /* EditProfileViewModel.swift */; };
		7A2DAD342A1579C500775B92 /* File.swift in Sources */ = {isa = PBXBuildFile; fileRef = 7A2DAD332A1579C500775B92 /* File.swift */; };
		7A2DAD362A163DD500775B92 /* ChangePasswordView.swift in Sources */ = {isa = PBXBuildFile; fileRef = 7A2DAD352A163DD500775B92 /* ChangePasswordView.swift */; };
		7A2DAD392A16482B00775B92 /* CostumSecure.swift in Sources */ = {isa = PBXBuildFile; fileRef = 7A2DAD382A16482B00775B92 /* CostumSecure.swift */; };
		7AA6998929E6CABF005FEA9F /* ProfileViewModel.swift in Sources */ = {isa = PBXBuildFile; fileRef = 7AA6998829E6CABF005FEA9F /* ProfileViewModel.swift */; };
		7AA6999129E818AF005FEA9F /* MovieDetailsView.swift in Sources */ = {isa = PBXBuildFile; fileRef = 7AA6999029E818AF005FEA9F /* MovieDetailsView.swift */; };
		7AA6999429E82F8E005FEA9F /* HomePageView.swift in Sources */ = {isa = PBXBuildFile; fileRef = 7AA6999329E82F8E005FEA9F /* HomePageView.swift */; };
		7AA6999629E83027005FEA9F /* HomeView.swift in Sources */ = {isa = PBXBuildFile; fileRef = 7AA6999529E83027005FEA9F /* HomeView.swift */; };
		7AA6999F29E84138005FEA9F /* User.swift in Sources */ = {isa = PBXBuildFile; fileRef = 7AA6999E29E84138005FEA9F /* User.swift */; };
		7AA699A129E8416D005FEA9F /* Movies.swift in Sources */ = {isa = PBXBuildFile; fileRef = 7AA699A029E8416D005FEA9F /* Movies.swift */; };
		7AAEE59D29DDAF4C0095EADD /* splash.swift in Sources */ = {isa = PBXBuildFile; fileRef = 7AAEE59C29DDAF4C0095EADD /* splash.swift */; };
		7AAEE5A029DDC40E0095EADD /* ProfileView.swift in Sources */ = {isa = PBXBuildFile; fileRef = 7AAEE59F29DDC40E0095EADD /* ProfileView.swift */; };
		B035B98B2A0C61EC0071D95E /* Localizable.strings in Resources */ = {isa = PBXBuildFile; fileRef = B035B98D2A0C61EC0071D95E /* Localizable.strings */; };
		B035B9902A0C78320071D95E /* Favorites.swift in Sources */ = {isa = PBXBuildFile; fileRef = B035B98F2A0C78320071D95E /* Favorites.swift */; };
		B035B9922A0C7C320071D95E /* FavouritesView.swift in Sources */ = {isa = PBXBuildFile; fileRef = B035B9912A0C7C320071D95E /* FavouritesView.swift */; };
		B035B9942A0C82AE0071D95E /* database.swift in Sources */ = {isa = PBXBuildFile; fileRef = B035B9932A0C82AE0071D95E /* database.swift */; };
		B035B9962A0C83F10071D95E /* FavoritesViewModel.swift in Sources */ = {isa = PBXBuildFile; fileRef = B035B9952A0C83F10071D95E /* FavoritesViewModel.swift */; };
		B035B9982A0C9DD30071D95E /* ViewRouter.swift in Sources */ = {isa = PBXBuildFile; fileRef = B035B9972A0C9DD30071D95E /* ViewRouter.swift */; };
		B035B99C2A0CC48F0071D95E /* AdminView.swift in Sources */ = {isa = PBXBuildFile; fileRef = B035B99B2A0CC48F0071D95E /* AdminView.swift */; };
		B03F554B2A16D7C80084A7EC /* ResquestHandler in Resources */ = {isa = PBXBuildFile; fileRef = B03F554A2A16D7C80084A7EC /* ResquestHandler */; };
		B03F554F2A16D9830084A7EC /* ConfirmResquest.swift in Sources */ = {isa = PBXBuildFile; fileRef = B03F554E2A16D9830084A7EC /* ConfirmResquest.swift */; };
		B03F55512A1704670084A7EC /* ForgotRequest.swift in Sources */ = {isa = PBXBuildFile; fileRef = B03F55502A1704670084A7EC /* ForgotRequest.swift */; };
		B06CBCC629FB488A000A5539 /* TicketsView.swift in Sources */ = {isa = PBXBuildFile; fileRef = B06CBCC529FB488A000A5539 /* TicketsView.swift */; };
		B06CBCC829FB64BF000A5539 /* FirstScreen.swift in Sources */ = {isa = PBXBuildFile; fileRef = B06CBCC729FB64BF000A5539 /* FirstScreen.swift */; };
		B06CBCCA29FB8196000A5539 /* ReservationView.swift in Sources */ = {isa = PBXBuildFile; fileRef = B06CBCC929FB8196000A5539 /* ReservationView.swift */; };
		B06CBCD029FBAB7A000A5539 /* Consts.swift in Sources */ = {isa = PBXBuildFile; fileRef = B06CBCCF29FBAB7A000A5539 /* Consts.swift */; };
		B087252A29E74F4C00CF5E57 /* settingsview.swift in Sources */ = {isa = PBXBuildFile; fileRef = B087252929E74F4C00CF5E57 /* settingsview.swift */; };
		B087252F29E772DB00CF5E57 /* AddMoviesView.swift in Sources */ = {isa = PBXBuildFile; fileRef = B087252E29E772DB00CF5E57 /* AddMoviesView.swift */; };
		B087253529E77C6700CF5E57 /* Coordinator.swift in Sources */ = {isa = PBXBuildFile; fileRef = B087253429E77C6700CF5E57 /* Coordinator.swift */; };
		B087253729E7822D00CF5E57 /* MoviesViewModel.swift in Sources */ = {isa = PBXBuildFile; fileRef = B087253629E7822D00CF5E57 /* MoviesViewModel.swift */; };
		B0C076ED2A0CDDA100BC8B66 /* FavoriteM.swift in Sources */ = {isa = PBXBuildFile; fileRef = B0C076EC2A0CDDA100BC8B66 /* FavoriteM.swift */; };
		B0C076EF2A0CDDDA00BC8B66 /* FavoriteMViewModel.swift in Sources */ = {isa = PBXBuildFile; fileRef = B0C076EE2A0CDDDA00BC8B66 /* FavoriteMViewModel.swift */; };
		E6E846DF2A04689D0076EE03 /* Ticket.swift in Sources */ = {isa = PBXBuildFile; fileRef = E6E846DE2A04689D0076EE03 /* Ticket.swift */; };
		E6E846E12A0468FF0076EE03 /* QRGenView.swift in Sources */ = {isa = PBXBuildFile; fileRef = E6E846E02A0468FF0076EE03 /* QRGenView.swift */; };
		E6E846E32A0469EB0076EE03 /* MyReservationsView.swift in Sources */ = {isa = PBXBuildFile; fileRef = E6E846E22A0469EB0076EE03 /* MyReservationsView.swift */; };
		E6E846E52A046B250076EE03 /* QRCodeView.swift in Sources */ = {isa = PBXBuildFile; fileRef = E6E846E42A046B250076EE03 /* QRCodeView.swift */; };
/* End PBXBuildFile section */

/* Begin PBXFileReference section */
		2207049A29EF64FA00D215ED /* Events.swift */ = {isa = PBXFileReference; lastKnownFileType = sourcecode.swift; path = Events.swift; sourceTree = "<group>"; };
		2207049C29EF662400D215ED /* EventViewModel.swift */ = {isa = PBXFileReference; lastKnownFileType = sourcecode.swift; path = EventViewModel.swift; sourceTree = "<group>"; };
		220704A129EF790F00D215ED /* SwiftUIView.swift */ = {isa = PBXFileReference; lastKnownFileType = sourcecode.swift; path = SwiftUIView.swift; sourceTree = "<group>"; };
		220704A329EFB75000D215ED /* ImagePicker.swift */ = {isa = PBXFileReference; lastKnownFileType = sourcecode.swift; path = ImagePicker.swift; sourceTree = "<group>"; };
		220704A629EFD45200D215ED /* EventTicket.swift */ = {isa = PBXFileReference; lastKnownFileType = sourcecode.swift; path = EventTicket.swift; sourceTree = "<group>"; };
		220704A829EFD47100D215ED /* ShowTicket.swift */ = {isa = PBXFileReference; lastKnownFileType = sourcecode.swift; path = ShowTicket.swift; sourceTree = "<group>"; };
		220704AA29EFD47C00D215ED /* MovieTicket.swift */ = {isa = PBXFileReference; lastKnownFileType = sourcecode.swift; path = MovieTicket.swift; sourceTree = "<group>"; };
		2270425629E8D0270021272D /* EntityType.swift */ = {isa = PBXFileReference; lastKnownFileType = sourcecode.swift; path = EntityType.swift; sourceTree = "<group>"; };
		2270425A29E8D08D0021272D /* APIError.swift */ = {isa = PBXFileReference; lastKnownFileType = sourcecode.swift; path = APIError.swift; sourceTree = "<group>"; };
		228C176529D6260D00848BFC /* Register.swift */ = {isa = PBXFileReference; lastKnownFileType = sourcecode.swift; path = Register.swift; sourceTree = "<group>"; };
		228C176729D628A800848BFC /* ForgetPasswordView.swift */ = {isa = PBXFileReference; lastKnownFileType = sourcecode.swift; path = ForgetPasswordView.swift; sourceTree = "<group>"; };
		228C176F29D6338600848BFC /* Login.swift */ = {isa = PBXFileReference; lastKnownFileType = sourcecode.swift; path = Login.swift; sourceTree = "<group>"; };
		22C455CC29DF7B78001ACFF6 /* APImanager.swift */ = {isa = PBXFileReference; lastKnownFileType = sourcecode.swift; path = APImanager.swift; sourceTree = "<group>"; };
		22C455CE29DF8446001ACFF6 /* SignUpViewModel.swift */ = {isa = PBXFileReference; lastKnownFileType = sourcecode.swift; path = SignUpViewModel.swift; sourceTree = "<group>"; };
		22C455D029DFC7FB001ACFF6 /* SigninViewModel.swift */ = {isa = PBXFileReference; lastKnownFileType = sourcecode.swift; path = SigninViewModel.swift; sourceTree = "<group>"; };
		22C455D429DFD27A001ACFF6 /* EditProfile.swift */ = {isa = PBXFileReference; lastKnownFileType = sourcecode.swift; path = EditProfile.swift; sourceTree = "<group>"; };
		22C455DA29DFFC9A001ACFF6 /* ResetPassword.swift */ = {isa = PBXFileReference; lastKnownFileType = sourcecode.swift; path = ResetPassword.swift; sourceTree = "<group>"; };
		22E2BC7E29EE18D0003991EF /* AddShowsView.swift */ = {isa = PBXFileReference; lastKnownFileType = sourcecode.swift; path = AddShowsView.swift; sourceTree = "<group>"; };
		22E2BC8029EE1902003991EF /* AddEventsView.swift */ = {isa = PBXFileReference; lastKnownFileType = sourcecode.swift; path = AddEventsView.swift; sourceTree = "<group>"; };
		22F05E5429D4D77200615678 /* Blasti.app */ = {isa = PBXFileReference; explicitFileType = wrapper.application; includeInIndex = 0; path = Blasti.app; sourceTree = BUILT_PRODUCTS_DIR; };
		22F05E5729D4D77200615678 /* BlastiApp.swift */ = {isa = PBXFileReference; lastKnownFileType = sourcecode.swift; path = BlastiApp.swift; sourceTree = "<group>"; };
		22F05E5B29D4D77300615678 /* Assets.xcassets */ = {isa = PBXFileReference; lastKnownFileType = folder.assetcatalog; path = Assets.xcassets; sourceTree = "<group>"; };
		22F05E5E29D4D77300615678 /* Preview Assets.xcassets */ = {isa = PBXFileReference; lastKnownFileType = folder.assetcatalog; path = "Preview Assets.xcassets"; sourceTree = "<group>"; };
		22F05E6029D4D77300615678 /* Persistence.swift */ = {isa = PBXFileReference; lastKnownFileType = sourcecode.swift; path = Persistence.swift; sourceTree = "<group>"; };
		22F05E6329D4D77300615678 /* Blasti.xcdatamodel */ = {isa = PBXFileReference; lastKnownFileType = wrapper.xcdatamodel; path = Blasti.xcdatamodel; sourceTree = "<group>"; };
		7A2DAD312A152AF300775B92 /* EditProfileViewModel.swift */ = {isa = PBXFileReference; lastKnownFileType = sourcecode.swift; path = EditProfileViewModel.swift; sourceTree = "<group>"; };
		7A2DAD332A1579C500775B92 /* File.swift */ = {isa = PBXFileReference; lastKnownFileType = sourcecode.swift; path = File.swift; sourceTree = "<group>"; };
		7A2DAD352A163DD500775B92 /* ChangePasswordView.swift */ = {isa = PBXFileReference; lastKnownFileType = sourcecode.swift; path = ChangePasswordView.swift; sourceTree = "<group>"; };
		7A2DAD382A16482B00775B92 /* CostumSecure.swift */ = {isa = PBXFileReference; lastKnownFileType = sourcecode.swift; path = CostumSecure.swift; sourceTree = "<group>"; };
		7AA6998829E6CABF005FEA9F /* ProfileViewModel.swift */ = {isa = PBXFileReference; lastKnownFileType = sourcecode.swift; path = ProfileViewModel.swift; sourceTree = "<group>"; };
		7AA6999029E818AF005FEA9F /* MovieDetailsView.swift */ = {isa = PBXFileReference; lastKnownFileType = sourcecode.swift; path = MovieDetailsView.swift; sourceTree = "<group>"; };
		7AA6999329E82F8E005FEA9F /* HomePageView.swift */ = {isa = PBXFileReference; lastKnownFileType = sourcecode.swift; path = HomePageView.swift; sourceTree = "<group>"; };
		7AA6999529E83027005FEA9F /* HomeView.swift */ = {isa = PBXFileReference; lastKnownFileType = sourcecode.swift; path = HomeView.swift; sourceTree = "<group>"; };
		7AA6999E29E84138005FEA9F /* User.swift */ = {isa = PBXFileReference; lastKnownFileType = sourcecode.swift; path = User.swift; sourceTree = "<group>"; };
		7AA699A029E8416D005FEA9F /* Movies.swift */ = {isa = PBXFileReference; lastKnownFileType = sourcecode.swift; path = Movies.swift; sourceTree = "<group>"; };
		7AAEE59C29DDAF4C0095EADD /* splash.swift */ = {isa = PBXFileReference; lastKnownFileType = sourcecode.swift; path = splash.swift; sourceTree = "<group>"; };
		7AAEE59F29DDC40E0095EADD /* ProfileView.swift */ = {isa = PBXFileReference; lastKnownFileType = sourcecode.swift; path = ProfileView.swift; sourceTree = "<group>"; };
		B035B98C2A0C61EC0071D95E /* en */ = {isa = PBXFileReference; lastKnownFileType = text.plist.strings; name = en; path = en.lproj/Localizable.strings; sourceTree = "<group>"; };
		B035B98E2A0C62140071D95E /* fr */ = {isa = PBXFileReference; lastKnownFileType = text.plist.strings; name = fr; path = fr.lproj/Localizable.strings; sourceTree = "<group>"; };
		B035B98F2A0C78320071D95E /* Favorites.swift */ = {isa = PBXFileReference; lastKnownFileType = sourcecode.swift; path = Favorites.swift; sourceTree = "<group>"; };
		B035B9912A0C7C320071D95E /* FavouritesView.swift */ = {isa = PBXFileReference; lastKnownFileType = sourcecode.swift; path = FavouritesView.swift; sourceTree = "<group>"; };
		B035B9932A0C82AE0071D95E /* database.swift */ = {isa = PBXFileReference; lastKnownFileType = sourcecode.swift; path = database.swift; sourceTree = "<group>"; };
		B035B9952A0C83F10071D95E /* FavoritesViewModel.swift */ = {isa = PBXFileReference; lastKnownFileType = sourcecode.swift; path = FavoritesViewModel.swift; sourceTree = "<group>"; };
		B035B9972A0C9DD30071D95E /* ViewRouter.swift */ = {isa = PBXFileReference; lastKnownFileType = sourcecode.swift; path = ViewRouter.swift; sourceTree = "<group>"; };
		B035B99B2A0CC48F0071D95E /* AdminView.swift */ = {isa = PBXFileReference; lastKnownFileType = sourcecode.swift; path = AdminView.swift; sourceTree = "<group>"; };
		B03F554A2A16D7C80084A7EC /* ResquestHandler */ = {isa = PBXFileReference; lastKnownFileType = folder; path = ResquestHandler; sourceTree = "<group>"; };
		B03F554E2A16D9830084A7EC /* ConfirmResquest.swift */ = {isa = PBXFileReference; lastKnownFileType = sourcecode.swift; path = ConfirmResquest.swift; sourceTree = "<group>"; };
		B03F55502A1704670084A7EC /* ForgotRequest.swift */ = {isa = PBXFileReference; lastKnownFileType = sourcecode.swift; path = ForgotRequest.swift; sourceTree = "<group>"; };
		B06CBCC529FB488A000A5539 /* TicketsView.swift */ = {isa = PBXFileReference; lastKnownFileType = sourcecode.swift; path = TicketsView.swift; sourceTree = "<group>"; };
		B06CBCC729FB64BF000A5539 /* FirstScreen.swift */ = {isa = PBXFileReference; lastKnownFileType = sourcecode.swift; path = FirstScreen.swift; sourceTree = "<group>"; };
		B06CBCC929FB8196000A5539 /* ReservationView.swift */ = {isa = PBXFileReference; lastKnownFileType = sourcecode.swift; path = ReservationView.swift; sourceTree = "<group>"; };
		B06CBCCF29FBAB7A000A5539 /* Consts.swift */ = {isa = PBXFileReference; lastKnownFileType = sourcecode.swift; path = Consts.swift; sourceTree = "<group>"; };
		B087252929E74F4C00CF5E57 /* settingsview.swift */ = {isa = PBXFileReference; lastKnownFileType = sourcecode.swift; path = settingsview.swift; sourceTree = "<group>"; };
		B087252E29E772DB00CF5E57 /* AddMoviesView.swift */ = {isa = PBXFileReference; lastKnownFileType = sourcecode.swift; path = AddMoviesView.swift; sourceTree = "<group>"; };
		B087253429E77C6700CF5E57 /* Coordinator.swift */ = {isa = PBXFileReference; lastKnownFileType = sourcecode.swift; path = Coordinator.swift; sourceTree = "<group>"; };
		B087253629E7822D00CF5E57 /* MoviesViewModel.swift */ = {isa = PBXFileReference; lastKnownFileType = sourcecode.swift; path = MoviesViewModel.swift; sourceTree = "<group>"; };
		B0C076EC2A0CDDA100BC8B66 /* FavoriteM.swift */ = {isa = PBXFileReference; lastKnownFileType = sourcecode.swift; path = FavoriteM.swift; sourceTree = "<group>"; };
		B0C076EE2A0CDDDA00BC8B66 /* FavoriteMViewModel.swift */ = {isa = PBXFileReference; lastKnownFileType = sourcecode.swift; path = FavoriteMViewModel.swift; sourceTree = "<group>"; };
		E6E846DE2A04689D0076EE03 /* Ticket.swift */ = {isa = PBXFileReference; lastKnownFileType = sourcecode.swift; path = Ticket.swift; sourceTree = "<group>"; };
		E6E846E02A0468FF0076EE03 /* QRGenView.swift */ = {isa = PBXFileReference; lastKnownFileType = sourcecode.swift; path = QRGenView.swift; sourceTree = "<group>"; };
		E6E846E22A0469EB0076EE03 /* MyReservationsView.swift */ = {isa = PBXFileReference; lastKnownFileType = sourcecode.swift; path = MyReservationsView.swift; sourceTree = "<group>"; };
		E6E846E42A046B250076EE03 /* QRCodeView.swift */ = {isa = PBXFileReference; lastKnownFileType = sourcecode.swift; path = QRCodeView.swift; sourceTree = "<group>"; };
/* End PBXFileReference section */

/* Begin PBXFrameworksBuildPhase section */
		22F05E5129D4D77200615678 /* Frameworks */ = {
			isa = PBXFrameworksBuildPhase;
			buildActionMask = 2147483647;
			files = (
				22C455C829DF7A45001ACFF6 /* Alamofire in Frameworks */,
			);
			runOnlyForDeploymentPostprocessing = 0;
		};
/* End PBXFrameworksBuildPhase section */

/* Begin PBXGroup section */
		220704A529EFD43000D215ED /* Ticket */ = {
			isa = PBXGroup;
			children = (
				B06CBCC529FB488A000A5539 /* TicketsView.swift */,
				220704A629EFD45200D215ED /* EventTicket.swift */,
				220704A829EFD47100D215ED /* ShowTicket.swift */,
				220704AA29EFD47C00D215ED /* MovieTicket.swift */,
				E6E846E02A0468FF0076EE03 /* QRGenView.swift */,
			);
			path = Ticket;
			sourceTree = "<group>";
		};
		228C176B29D631BA00848BFC /* ViewModels */ = {
			isa = PBXGroup;
			children = (
				22C455CE29DF8446001ACFF6 /* SignUpViewModel.swift */,
				22C455D029DFC7FB001ACFF6 /* SigninViewModel.swift */,
				7AA6998829E6CABF005FEA9F /* ProfileViewModel.swift */,
				B087253429E77C6700CF5E57 /* Coordinator.swift */,
				B087253629E7822D00CF5E57 /* MoviesViewModel.swift */,
				2207049C29EF662400D215ED /* EventViewModel.swift */,
				220704A329EFB75000D215ED /* ImagePicker.swift */,
				B035B9952A0C83F10071D95E /* FavoritesViewModel.swift */,
				B0C076EE2A0CDDDA00BC8B66 /* FavoriteMViewModel.swift */,
				7A2DAD312A152AF300775B92 /* EditProfileViewModel.swift */,
			);
			path = ViewModels;
			sourceTree = "<group>";
		};
		228C176D29D6333400848BFC /* Views */ = {
			isa = PBXGroup;
			children = (
				7AA6999229E82F3B005FEA9F /* Home */,
				B087252B29E765FD00CF5E57 /* Products */,
				22C455D929DFFC6C001ACFF6 /* Authenfication */,
				7AAEE59E29DDC3E30095EADD /* profile */,
				7AAEE59C29DDAF4C0095EADD /* splash.swift */,
				B06CBCC729FB64BF000A5539 /* FirstScreen.swift */,
			);
			path = Views;
			sourceTree = "<group>";
		};
		22C455CB29DF7B55001ACFF6 /* Utilities */ = {
			isa = PBXGroup;
			children = (
				B035B9882A0C61960071D95E /* Localizations */,
				22C455CC29DF7B78001ACFF6 /* APImanager.swift */,
				B06CBCCF29FBAB7A000A5539 /* Consts.swift */,
				2270425A29E8D08D0021272D /* APIError.swift */,
			);
			path = Utilities;
			sourceTree = "<group>";
		};
		22C455D929DFFC6C001ACFF6 /* Authenfication */ = {
			isa = PBXGroup;
			children = (
				228C176529D6260D00848BFC /* Register.swift */,
				228C176F29D6338600848BFC /* Login.swift */,
				228C176729D628A800848BFC /* ForgetPasswordView.swift */,
				22C455DA29DFFC9A001ACFF6 /* ResetPassword.swift */,
			);
			path = Authenfication;
			sourceTree = "<group>";
		};
		22F05E4B29D4D77200615678 = {
			isa = PBXGroup;
			children = (
				22F05E5629D4D77200615678 /* Blasti */,
				22F05E5529D4D77200615678 /* Products */,
			);
			sourceTree = "<group>";
		};
		22F05E5529D4D77200615678 /* Products */ = {
			isa = PBXGroup;
			children = (
				22F05E5429D4D77200615678 /* Blasti.app */,
			);
			name = Products;
			sourceTree = "<group>";
		};
		22F05E5629D4D77200615678 /* Blasti */ = {
			isa = PBXGroup;
			children = (
				22C455CB29DF7B55001ACFF6 /* Utilities */,
				7AA6999D29E8411C005FEA9F /* Models */,
				228C176D29D6333400848BFC /* Views */,
				228C176B29D631BA00848BFC /* ViewModels */,
				22F05E5729D4D77200615678 /* BlastiApp.swift */,
				22F05E5B29D4D77300615678 /* Assets.xcassets */,
				22F05E6029D4D77300615678 /* Persistence.swift */,
				22F05E6229D4D77300615678 /* Blasti.xcdatamodeld */,
				22F05E5D29D4D77300615678 /* Preview Content */,
			);
			path = Blasti;
			sourceTree = "<group>";
		};
		22F05E5D29D4D77300615678 /* Preview Content */ = {
			isa = PBXGroup;
			children = (
				22F05E5E29D4D77300615678 /* Preview Assets.xcassets */,
			);
			path = "Preview Content";
			sourceTree = "<group>";
		};
		7A2DAD372A1647A300775B92 /* SubView */ = {
			isa = PBXGroup;
			children = (
				7A2DAD352A163DD500775B92 /* ChangePasswordView.swift */,
				22C455D429DFD27A001ACFF6 /* EditProfile.swift */,
				7A2DAD382A16482B00775B92 /* CostumSecure.swift */,
			);
			path = SubView;
			sourceTree = "<group>";
		};
		7AA6999229E82F3B005FEA9F /* Home */ = {
			isa = PBXGroup;
			children = (
				7AA6999329E82F8E005FEA9F /* HomePageView.swift */,
				7AA6999529E83027005FEA9F /* HomeView.swift */,
				220704A129EF790F00D215ED /* SwiftUIView.swift */,
				B035B9972A0C9DD30071D95E /* ViewRouter.swift */,
				B035B99B2A0CC48F0071D95E /* AdminView.swift */,
			);
			path = Home;
			sourceTree = "<group>";
		};
		7AA6999D29E8411C005FEA9F /* Models */ = {
			isa = PBXGroup;
			children = (
				B03F554D2A16D9600084A7EC /* RequestHandler */,
				B03F554A2A16D7C80084A7EC /* ResquestHandler */,
				7AA6999E29E84138005FEA9F /* User.swift */,
				7AA699A029E8416D005FEA9F /* Movies.swift */,
				2270425629E8D0270021272D /* EntityType.swift */,
				2207049A29EF64FA00D215ED /* Events.swift */,
				E6E846DE2A04689D0076EE03 /* Ticket.swift */,
				B035B98F2A0C78320071D95E /* Favorites.swift */,
				B035B9932A0C82AE0071D95E /* database.swift */,
				B0C076EC2A0CDDA100BC8B66 /* FavoriteM.swift */,
				7A2DAD332A1579C500775B92 /* File.swift */,
			);
			path = Models;
			sourceTree = "<group>";
		};
		7AAEE59E29DDC3E30095EADD /* profile */ = {
			isa = PBXGroup;
			children = (
				7A2DAD372A1647A300775B92 /* SubView */,
				7AAEE59F29DDC40E0095EADD /* ProfileView.swift */,
				B087252929E74F4C00CF5E57 /* settingsview.swift */,
				B06CBCC929FB8196000A5539 /* ReservationView.swift */,
				E6E846E22A0469EB0076EE03 /* MyReservationsView.swift */,
				E6E846E42A046B250076EE03 /* QRCodeView.swift */,
				B035B9912A0C7C320071D95E /* FavouritesView.swift */,
			);
			path = profile;
			sourceTree = "<group>";
		};
		B035B9882A0C61960071D95E /* Localizations */ = {
			isa = PBXGroup;
			children = (
				B035B98D2A0C61EC0071D95E /* Localizable.strings */,
			);
			path = Localizations;
			sourceTree = "<group>";
		};
		B03F554D2A16D9600084A7EC /* RequestHandler */ = {
			isa = PBXGroup;
			children = (
				B03F554E2A16D9830084A7EC /* ConfirmResquest.swift */,
				B03F55502A1704670084A7EC /* ForgotRequest.swift */,
			);
			path = RequestHandler;
			sourceTree = "<group>";
		};
		B087252B29E765FD00CF5E57 /* Products */ = {
			isa = PBXGroup;
			children = (
				220704A529EFD43000D215ED /* Ticket */,
				7AA6999029E818AF005FEA9F /* MovieDetailsView.swift */,
				B087252E29E772DB00CF5E57 /* AddMoviesView.swift */,
				22E2BC7E29EE18D0003991EF /* AddShowsView.swift */,
				22E2BC8029EE1902003991EF /* AddEventsView.swift */,
			);
			path = Products;
			sourceTree = "<group>";
		};
/* End PBXGroup section */

/* Begin PBXNativeTarget section */
		22F05E5329D4D77200615678 /* Blasti */ = {
			isa = PBXNativeTarget;
			buildConfigurationList = 22F05E6729D4D77300615678 /* Build configuration list for PBXNativeTarget "Blasti" */;
			buildPhases = (
				22F05E5029D4D77200615678 /* Sources */,
				22F05E5129D4D77200615678 /* Frameworks */,
				22F05E5229D4D77200615678 /* Resources */,
			);
			buildRules = (
			);
			dependencies = (
			);
			name = Blasti;
			packageProductDependencies = (
				22C455C729DF7A45001ACFF6 /* Alamofire */,
			);
			productName = Blasti;
			productReference = 22F05E5429D4D77200615678 /* Blasti.app */;
			productType = "com.apple.product-type.application";
		};
/* End PBXNativeTarget section */

/* Begin PBXProject section */
		22F05E4C29D4D77200615678 /* Project object */ = {
			isa = PBXProject;
			attributes = {
				BuildIndependentTargetsInParallel = 1;
				LastSwiftUpdateCheck = 1410;
				LastUpgradeCheck = 1410;
				TargetAttributes = {
					22F05E5329D4D77200615678 = {
						CreatedOnToolsVersion = 14.1;
					};
				};
			};
			buildConfigurationList = 22F05E4F29D4D77200615678 /* Build configuration list for PBXProject "Blasti" */;
			compatibilityVersion = "Xcode 14.0";
			developmentRegion = en;
			hasScannedForEncodings = 0;
			knownRegions = (
				en,
				Base,
				fr,
			);
			mainGroup = 22F05E4B29D4D77200615678;
			packageReferences = (
				22C455C629DF7A45001ACFF6 /* XCRemoteSwiftPackageReference "Alamofire" */,
			);
			productRefGroup = 22F05E5529D4D77200615678 /* Products */;
			projectDirPath = "";
			projectRoot = "";
			targets = (
				22F05E5329D4D77200615678 /* Blasti */,
			);
		};
/* End PBXProject section */

/* Begin PBXResourcesBuildPhase section */
		22F05E5229D4D77200615678 /* Resources */ = {
			isa = PBXResourcesBuildPhase;
			buildActionMask = 2147483647;
			files = (
				22F05E5F29D4D77300615678 /* Preview Assets.xcassets in Resources */,
				B03F554B2A16D7C80084A7EC /* ResquestHandler in Resources */,
				B035B98B2A0C61EC0071D95E /* Localizable.strings in Resources */,
				22F05E5C29D4D77300615678 /* Assets.xcassets in Resources */,
			);
			runOnlyForDeploymentPostprocessing = 0;
		};
/* End PBXResourcesBuildPhase section */

/* Begin PBXSourcesBuildPhase section */
		22F05E5029D4D77200615678 /* Sources */ = {
			isa = PBXSourcesBuildPhase;
			buildActionMask = 2147483647;
			files = (
				B087252A29E74F4C00CF5E57 /* settingsview.swift in Sources */,
				B03F55512A1704670084A7EC /* ForgotRequest.swift in Sources */,
				B035B99C2A0CC48F0071D95E /* AdminView.swift in Sources */,
				B06CBCD029FBAB7A000A5539 /* Consts.swift in Sources */,
				22C455D129DFC7FB001ACFF6 /* SigninViewModel.swift in Sources */,
				E6E846E12A0468FF0076EE03 /* QRGenView.swift in Sources */,
				7AA699A129E8416D005FEA9F /* Movies.swift in Sources */,
				B035B9902A0C78320071D95E /* Favorites.swift in Sources */,
				7AAEE5A029DDC40E0095EADD /* ProfileView.swift in Sources */,
				22C455DB29DFFC9A001ACFF6 /* ResetPassword.swift in Sources */,
				B0C076ED2A0CDDA100BC8B66 /* FavoriteM.swift in Sources */,
				B03F554F2A16D9830084A7EC /* ConfirmResquest.swift in Sources */,
				22E2BC7F29EE18D0003991EF /* AddShowsView.swift in Sources */,
				B087253729E7822D00CF5E57 /* MoviesViewModel.swift in Sources */,
				2270425729E8D0270021272D /* EntityType.swift in Sources */,
				22F05E6129D4D77300615678 /* Persistence.swift in Sources */,
				220704A729EFD45200D215ED /* EventTicket.swift in Sources */,
				228C176829D628A800848BFC /* ForgetPasswordView.swift in Sources */,
				228C176629D6260D00848BFC /* Register.swift in Sources */,
				220704A929EFD47100D215ED /* ShowTicket.swift in Sources */,
				7AA6999429E82F8E005FEA9F /* HomePageView.swift in Sources */,
				22F05E6429D4D77300615678 /* Blasti.xcdatamodeld in Sources */,
				7A2DAD392A16482B00775B92 /* CostumSecure.swift in Sources */,
				220704A429EFB75000D215ED /* ImagePicker.swift in Sources */,
				2207049D29EF662400D215ED /* EventViewModel.swift in Sources */,
				B087252F29E772DB00CF5E57 /* AddMoviesView.swift in Sources */,
				B06CBCC629FB488A000A5539 /* TicketsView.swift in Sources */,
				E6E846E32A0469EB0076EE03 /* MyReservationsView.swift in Sources */,
				22C455CD29DF7B78001ACFF6 /* APImanager.swift in Sources */,
				22F05E5829D4D77200615678 /* BlastiApp.swift in Sources */,
				B06CBCCA29FB8196000A5539 /* ReservationView.swift in Sources */,
				228C177029D633AC00848BFC /* Login.swift in Sources */,
				22C455D529DFD27A001ACFF6 /* EditProfile.swift in Sources */,
				B035B9922A0C7C320071D95E /* FavouritesView.swift in Sources */,
				7AA6999129E818AF005FEA9F /* MovieDetailsView.swift in Sources */,
				B06CBCC829FB64BF000A5539 /* FirstScreen.swift in Sources */,
				E6E846DF2A04689D0076EE03 /* Ticket.swift in Sources */,
				B035B9942A0C82AE0071D95E /* database.swift in Sources */,
				B0C076EF2A0CDDDA00BC8B66 /* FavoriteMViewModel.swift in Sources */,
				E6E846E52A046B250076EE03 /* QRCodeView.swift in Sources */,
				220704AB29EFD47C00D215ED /* MovieTicket.swift in Sources */,
				22C455CF29DF8446001ACFF6 /* SignUpViewModel.swift in Sources */,
				7AAEE59D29DDAF4C0095EADD /* splash.swift in Sources */,
				7A2DAD322A152AF300775B92 /* EditProfileViewModel.swift in Sources */,
				B035B9962A0C83F10071D95E /* FavoritesViewModel.swift in Sources */,
				7A2DAD342A1579C500775B92 /* File.swift in Sources */,
				7AA6998929E6CABF005FEA9F /* ProfileViewModel.swift in Sources */,
				B035B9982A0C9DD30071D95E /* ViewRouter.swift in Sources */,
				7AA6999F29E84138005FEA9F /* User.swift in Sources */,
				22E2BC8129EE1902003991EF /* AddEventsView.swift in Sources */,
				2207049B29EF64FA00D215ED /* Events.swift in Sources */,
				220704A229EF790F00D215ED /* SwiftUIView.swift in Sources */,
				7A2DAD362A163DD500775B92 /* ChangePasswordView.swift in Sources */,
				7AA6999629E83027005FEA9F /* HomeView.swift in Sources */,
				B087253529E77C6700CF5E57 /* Coordinator.swift in Sources */,
				2270425B29E8D08D0021272D /* APIError.swift in Sources */,
			);
			runOnlyForDeploymentPostprocessing = 0;
		};
/* End PBXSourcesBuildPhase section */

/* Begin PBXVariantGroup section */
		B035B98D2A0C61EC0071D95E /* Localizable.strings */ = {
			isa = PBXVariantGroup;
			children = (
				B035B98C2A0C61EC0071D95E /* en */,
				B035B98E2A0C62140071D95E /* fr */,
			);
			name = Localizable.strings;
			sourceTree = "<group>";
		};
/* End PBXVariantGroup section */

/* Begin XCBuildConfiguration section */
		22F05E6529D4D77300615678 /* Debug */ = {
			isa = XCBuildConfiguration;
			buildSettings = {
				ALWAYS_SEARCH_USER_PATHS = NO;
				CLANG_ANALYZER_LOCALIZABILITY_NONLOCALIZED = YES;
				CLANG_ANALYZER_NONNULL = YES;
				CLANG_ANALYZER_NUMBER_OBJECT_CONVERSION = YES_AGGRESSIVE;
				CLANG_CXX_LANGUAGE_STANDARD = "gnu++20";
				CLANG_ENABLE_MODULES = YES;
				CLANG_ENABLE_OBJC_ARC = YES;
				CLANG_ENABLE_OBJC_WEAK = YES;
				CLANG_WARN_BLOCK_CAPTURE_AUTORELEASING = YES;
				CLANG_WARN_BOOL_CONVERSION = YES;
				CLANG_WARN_COMMA = YES;
				CLANG_WARN_CONSTANT_CONVERSION = YES;
				CLANG_WARN_DEPRECATED_OBJC_IMPLEMENTATIONS = YES;
				CLANG_WARN_DIRECT_OBJC_ISA_USAGE = YES_ERROR;
				CLANG_WARN_DOCUMENTATION_COMMENTS = YES;
				CLANG_WARN_EMPTY_BODY = YES;
				CLANG_WARN_ENUM_CONVERSION = YES;
				CLANG_WARN_INFINITE_RECURSION = YES;
				CLANG_WARN_INT_CONVERSION = YES;
				CLANG_WARN_NON_LITERAL_NULL_CONVERSION = YES;
				CLANG_WARN_OBJC_IMPLICIT_RETAIN_SELF = YES;
				CLANG_WARN_OBJC_LITERAL_CONVERSION = YES;
				CLANG_WARN_OBJC_ROOT_CLASS = YES_ERROR;
				CLANG_WARN_QUOTED_INCLUDE_IN_FRAMEWORK_HEADER = YES;
				CLANG_WARN_RANGE_LOOP_ANALYSIS = YES;
				CLANG_WARN_STRICT_PROTOTYPES = YES;
				CLANG_WARN_SUSPICIOUS_MOVE = YES;
				CLANG_WARN_UNGUARDED_AVAILABILITY = YES_AGGRESSIVE;
				CLANG_WARN_UNREACHABLE_CODE = YES;
				CLANG_WARN__DUPLICATE_METHOD_MATCH = YES;
				COPY_PHASE_STRIP = NO;
				DEBUG_INFORMATION_FORMAT = dwarf;
				ENABLE_STRICT_OBJC_MSGSEND = YES;
				ENABLE_TESTABILITY = YES;
				GCC_C_LANGUAGE_STANDARD = gnu11;
				GCC_DYNAMIC_NO_PIC = NO;
				GCC_NO_COMMON_BLOCKS = YES;
				GCC_OPTIMIZATION_LEVEL = 0;
				GCC_PREPROCESSOR_DEFINITIONS = (
					"DEBUG=1",
					"$(inherited)",
				);
				GCC_WARN_64_TO_32_BIT_CONVERSION = YES;
				GCC_WARN_ABOUT_RETURN_TYPE = YES_ERROR;
				GCC_WARN_UNDECLARED_SELECTOR = YES;
				GCC_WARN_UNINITIALIZED_AUTOS = YES_AGGRESSIVE;
				GCC_WARN_UNUSED_FUNCTION = YES;
				GCC_WARN_UNUSED_VARIABLE = YES;
				IPHONEOS_DEPLOYMENT_TARGET = 16.1;
				MTL_ENABLE_DEBUG_INFO = INCLUDE_SOURCE;
				MTL_FAST_MATH = YES;
				ONLY_ACTIVE_ARCH = YES;
				SDKROOT = iphoneos;
				SWIFT_ACTIVE_COMPILATION_CONDITIONS = DEBUG;
				SWIFT_OPTIMIZATION_LEVEL = "-Onone";
			};
			name = Debug;
		};
		22F05E6629D4D77300615678 /* Release */ = {
			isa = XCBuildConfiguration;
			buildSettings = {
				ALWAYS_SEARCH_USER_PATHS = NO;
				CLANG_ANALYZER_LOCALIZABILITY_NONLOCALIZED = YES;
				CLANG_ANALYZER_NONNULL = YES;
				CLANG_ANALYZER_NUMBER_OBJECT_CONVERSION = YES_AGGRESSIVE;
				CLANG_CXX_LANGUAGE_STANDARD = "gnu++20";
				CLANG_ENABLE_MODULES = YES;
				CLANG_ENABLE_OBJC_ARC = YES;
				CLANG_ENABLE_OBJC_WEAK = YES;
				CLANG_WARN_BLOCK_CAPTURE_AUTORELEASING = YES;
				CLANG_WARN_BOOL_CONVERSION = YES;
				CLANG_WARN_COMMA = YES;
				CLANG_WARN_CONSTANT_CONVERSION = YES;
				CLANG_WARN_DEPRECATED_OBJC_IMPLEMENTATIONS = YES;
				CLANG_WARN_DIRECT_OBJC_ISA_USAGE = YES_ERROR;
				CLANG_WARN_DOCUMENTATION_COMMENTS = YES;
				CLANG_WARN_EMPTY_BODY = YES;
				CLANG_WARN_ENUM_CONVERSION = YES;
				CLANG_WARN_INFINITE_RECURSION = YES;
				CLANG_WARN_INT_CONVERSION = YES;
				CLANG_WARN_NON_LITERAL_NULL_CONVERSION = YES;
				CLANG_WARN_OBJC_IMPLICIT_RETAIN_SELF = YES;
				CLANG_WARN_OBJC_LITERAL_CONVERSION = YES;
				CLANG_WARN_OBJC_ROOT_CLASS = YES_ERROR;
				CLANG_WARN_QUOTED_INCLUDE_IN_FRAMEWORK_HEADER = YES;
				CLANG_WARN_RANGE_LOOP_ANALYSIS = YES;
				CLANG_WARN_STRICT_PROTOTYPES = YES;
				CLANG_WARN_SUSPICIOUS_MOVE = YES;
				CLANG_WARN_UNGUARDED_AVAILABILITY = YES_AGGRESSIVE;
				CLANG_WARN_UNREACHABLE_CODE = YES;
				CLANG_WARN__DUPLICATE_METHOD_MATCH = YES;
				COPY_PHASE_STRIP = NO;
				DEBUG_INFORMATION_FORMAT = "dwarf-with-dsym";
				ENABLE_NS_ASSERTIONS = NO;
				ENABLE_STRICT_OBJC_MSGSEND = YES;
				GCC_C_LANGUAGE_STANDARD = gnu11;
				GCC_NO_COMMON_BLOCKS = YES;
				GCC_WARN_64_TO_32_BIT_CONVERSION = YES;
				GCC_WARN_ABOUT_RETURN_TYPE = YES_ERROR;
				GCC_WARN_UNDECLARED_SELECTOR = YES;
				GCC_WARN_UNINITIALIZED_AUTOS = YES_AGGRESSIVE;
				GCC_WARN_UNUSED_FUNCTION = YES;
				GCC_WARN_UNUSED_VARIABLE = YES;
				IPHONEOS_DEPLOYMENT_TARGET = 16.1;
				MTL_ENABLE_DEBUG_INFO = NO;
				MTL_FAST_MATH = YES;
				SDKROOT = iphoneos;
				SWIFT_COMPILATION_MODE = wholemodule;
				SWIFT_OPTIMIZATION_LEVEL = "-O";
				VALIDATE_PRODUCT = YES;
			};
			name = Release;
		};
		22F05E6829D4D77300615678 /* Debug */ = {
			isa = XCBuildConfiguration;
			buildSettings = {
				ASSETCATALOG_COMPILER_APPICON_NAME = AppIcon;
				ASSETCATALOG_COMPILER_GLOBAL_ACCENT_COLOR_NAME = AccentColor;
				CODE_SIGN_STYLE = Automatic;
				CURRENT_PROJECT_VERSION = 1;
				DEVELOPMENT_ASSET_PATHS = "\"Blasti/Preview Content\"";
				DEVELOPMENT_TEAM = JLWNNCVZ35;
				ENABLE_PREVIEWS = YES;
				GENERATE_INFOPLIST_FILE = YES;
				INFOPLIST_FILE = Blasti/Info.plist;
				INFOPLIST_KEY_NSFaceIDUsageDescription = "face id";
				INFOPLIST_KEY_NSPhotoLibraryUsageDescription = "";
				INFOPLIST_KEY_UIApplicationSceneManifest_Generation = YES;
				INFOPLIST_KEY_UIApplicationSupportsIndirectInputEvents = YES;
				INFOPLIST_KEY_UILaunchScreen_Generation = YES;
				INFOPLIST_KEY_UISupportedInterfaceOrientations_iPad = "UIInterfaceOrientationPortrait UIInterfaceOrientationPortraitUpsideDown UIInterfaceOrientationLandscapeLeft UIInterfaceOrientationLandscapeRight";
				INFOPLIST_KEY_UISupportedInterfaceOrientations_iPhone = "UIInterfaceOrientationPortrait UIInterfaceOrientationLandscapeLeft UIInterfaceOrientationLandscapeRight";
				LD_RUNPATH_SEARCH_PATHS = (
					"$(inherited)",
					"@executable_path/Frameworks",
				);
				MARKETING_VERSION = 1.0;
				PRODUCT_BUNDLE_IDENTIFIER = tn.esprit.Blasti;
				PRODUCT_NAME = "$(TARGET_NAME)";
				SWIFT_EMIT_LOC_STRINGS = YES;
				SWIFT_VERSION = 5.0;
				TARGETED_DEVICE_FAMILY = "1,2";
			};
			name = Debug;
		};
		22F05E6929D4D77300615678 /* Release */ = {
			isa = XCBuildConfiguration;
			buildSettings = {
				ASSETCATALOG_COMPILER_APPICON_NAME = AppIcon;
				ASSETCATALOG_COMPILER_GLOBAL_ACCENT_COLOR_NAME = AccentColor;
				CODE_SIGN_STYLE = Automatic;
				CURRENT_PROJECT_VERSION = 1;
				DEVELOPMENT_ASSET_PATHS = "\"Blasti/Preview Content\"";
				DEVELOPMENT_TEAM = JLWNNCVZ35;
				ENABLE_PREVIEWS = YES;
				GENERATE_INFOPLIST_FILE = YES;
				INFOPLIST_FILE = Blasti/Info.plist;
				INFOPLIST_KEY_NSFaceIDUsageDescription = "face id";
				INFOPLIST_KEY_NSPhotoLibraryUsageDescription = "";
				INFOPLIST_KEY_UIApplicationSceneManifest_Generation = YES;
				INFOPLIST_KEY_UIApplicationSupportsIndirectInputEvents = YES;
				INFOPLIST_KEY_UILaunchScreen_Generation = YES;
				INFOPLIST_KEY_UISupportedInterfaceOrientations_iPad = "UIInterfaceOrientationPortrait UIInterfaceOrientationPortraitUpsideDown UIInterfaceOrientationLandscapeLeft UIInterfaceOrientationLandscapeRight";
				INFOPLIST_KEY_UISupportedInterfaceOrientations_iPhone = "UIInterfaceOrientationPortrait UIInterfaceOrientationLandscapeLeft UIInterfaceOrientationLandscapeRight";
				LD_RUNPATH_SEARCH_PATHS = (
					"$(inherited)",
					"@executable_path/Frameworks",
				);
				MARKETING_VERSION = 1.0;
				PRODUCT_BUNDLE_IDENTIFIER = tn.esprit.Blasti;
				PRODUCT_NAME = "$(TARGET_NAME)";
				SWIFT_EMIT_LOC_STRINGS = YES;
				SWIFT_VERSION = 5.0;
				TARGETED_DEVICE_FAMILY = "1,2";
			};
			name = Release;
		};
/* End XCBuildConfiguration section */

/* Begin XCConfigurationList section */
		22F05E4F29D4D77200615678 /* Build configuration list for PBXProject "Blasti" */ = {
			isa = XCConfigurationList;
			buildConfigurations = (
				22F05E6529D4D77300615678 /* Debug */,
				22F05E6629D4D77300615678 /* Release */,
			);
			defaultConfigurationIsVisible = 0;
			defaultConfigurationName = Release;
		};
		22F05E6729D4D77300615678 /* Build configuration list for PBXNativeTarget "Blasti" */ = {
			isa = XCConfigurationList;
			buildConfigurations = (
				22F05E6829D4D77300615678 /* Debug */,
				22F05E6929D4D77300615678 /* Release */,
			);
			defaultConfigurationIsVisible = 0;
			defaultConfigurationName = Release;
		};
/* End XCConfigurationList section */

/* Begin XCRemoteSwiftPackageReference section */
		22C455C629DF7A45001ACFF6 /* XCRemoteSwiftPackageReference "Alamofire" */ = {
			isa = XCRemoteSwiftPackageReference;
			repositoryURL = "https://github.com/Alamofire/Alamofire.git";
			requirement = {
				kind = upToNextMajorVersion;
				minimumVersion = 5.0.0;
			};
		};
/* End XCRemoteSwiftPackageReference section */

/* Begin XCSwiftPackageProductDependency section */
		22C455C729DF7A45001ACFF6 /* Alamofire */ = {
			isa = XCSwiftPackageProductDependency;
			package = 22C455C629DF7A45001ACFF6 /* XCRemoteSwiftPackageReference "Alamofire" */;
			productName = Alamofire;
		};
/* End XCSwiftPackageProductDependency section */

/* Begin XCVersionGroup section */
		22F05E6229D4D77300615678 /* Blasti.xcdatamodeld */ = {
			isa = XCVersionGroup;
			children = (
				22F05E6329D4D77300615678 /* Blasti.xcdatamodel */,
			);
			currentVersion = 22F05E6329D4D77300615678 /* Blasti.xcdatamodel */;
			path = Blasti.xcdatamodeld;
			sourceTree = "<group>";
			versionGroupType = wrapper.xcdatamodel;
		};
/* End XCVersionGroup section */
	};
	rootObject = 22F05E4C29D4D77200615678 /* Project object */;
}
